// !$*UTF8*$!
{
	archiveVersion = 1;
	classes = {
	};
	objectVersion = 46;
	objects = {

/* Begin PBXBuildFile section */
		BAE4FDF71ACFD73000083D97 /* AppDelegate.swift in Sources */ = {isa = PBXBuildFile; fileRef = BAE4FDF61ACFD73000083D97 /* AppDelegate.swift */; };
		BAE4FDF91ACFD73000083D97 /* ViewController.swift in Sources */ = {isa = PBXBuildFile; fileRef = BAE4FDF81ACFD73000083D97 /* ViewController.swift */; };
		BAE4FDFC1ACFD73000083D97 /* Main.storyboard in Resources */ = {isa = PBXBuildFile; fileRef = BAE4FDFA1ACFD73000083D97 /* Main.storyboard */; };
		BAE4FDFE1ACFD73000083D97 /* Images.xcassets in Resources */ = {isa = PBXBuildFile; fileRef = BAE4FDFD1ACFD73000083D97 /* Images.xcassets */; };
		BAE4FE011ACFD73000083D97 /* LaunchScreen.xib in Resources */ = {isa = PBXBuildFile; fileRef = BAE4FDFF1ACFD73000083D97 /* LaunchScreen.xib */; };
		BAE4FE0D1ACFD73000083D97 /* PostcardTests.swift in Sources */ = {isa = PBXBuildFile; fileRef = BAE4FE0C1ACFD73000083D97 /* PostcardTests.swift */; };
		BAE4FE171ACFE32A00083D97 /* AlbertEinsteinStamp.jpg in Resources */ = {isa = PBXBuildFile; fileRef = BAE4FE161ACFE32A00083D97 /* AlbertEinsteinStamp.jpg */; };
		BAE4FE191ACFE34D00083D97 /* SagradaFamilia.jpeg in Resources */ = {isa = PBXBuildFile; fileRef = BAE4FE181ACFE34D00083D97 /* SagradaFamilia.jpeg */; };
/* End PBXBuildFile section */

/* Begin PBXContainerItemProxy section */
		BAE4FE071ACFD73000083D97 /* PBXContainerItemProxy */ = {
			isa = PBXContainerItemProxy;
			containerPortal = BAE4FDE91ACFD73000083D97 /* Project object */;
			proxyType = 1;
			remoteGlobalIDString = BAE4FDF01ACFD73000083D97;
			remoteInfo = Postcard;
		};
/* End PBXContainerItemProxy section */

/* Begin PBXFileReference section */
		BAE4FDF11ACFD73000083D97 /* Postcard.app */ = {isa = PBXFileReference; explicitFileType = wrapper.application; includeInIndex = 0; path = Postcard.app; sourceTree = BUILT_PRODUCTS_DIR; };
		BAE4FDF51ACFD73000083D97 /* Info.plist */ = {isa = PBXFileReference; lastKnownFileType = text.plist.xml; path = Info.plist; sourceTree = "<group>"; };
		BAE4FDF61ACFD73000083D97 /* AppDelegate.swift */ = {isa = PBXFileReference; lastKnownFileType = sourcecode.swift; path = AppDelegate.swift; sourceTree = "<group>"; };
		BAE4FDF81ACFD73000083D97 /* ViewController.swift */ = {isa = PBXFileReference; lastKnownFileType = sourcecode.swift; path = ViewController.swift; sourceTree = "<group>"; };
		BAE4FDFB1ACFD73000083D97 /* Base */ = {isa = PBXFileReference; lastKnownFileType = file.storyboard; name = Base; path = Base.lproj/Main.storyboard; sourceTree = "<group>"; };
		BAE4FDFD1ACFD73000083D97 /* Images.xcassets */ = {isa = PBXFileReference; lastKnownFileType = folder.assetcatalog; path = Images.xcassets; sourceTree = "<group>"; };
		BAE4FE001ACFD73000083D97 /* Base */ = {isa = PBXFileReference; lastKnownFileType = file.xib; name = Base; path = Base.lproj/LaunchScreen.xib; sourceTree = "<group>"; };
		BAE4FE061ACFD73000083D97 /* PostcardTests.xctest */ = {isa = PBXFileReference; explicitFileType = wrapper.cfbundle; includeInIndex = 0; path = PostcardTests.xctest; sourceTree = BUILT_PRODUCTS_DIR; };
		BAE4FE0B1ACFD73000083D97 /* Info.plist */ = {isa = PBXFileReference; lastKnownFileType = text.plist.xml; path = Info.plist; sourceTree = "<group>"; };
		BAE4FE0C1ACFD73000083D97 /* PostcardTests.swift */ = {isa = PBXFileReference; lastKnownFileType = sourcecode.swift; path = PostcardTests.swift; sourceTree = "<group>"; };
		BAE4FE161ACFE32A00083D97 /* AlbertEinsteinStamp.jpg */ = {isa = PBXFileReference; lastKnownFileType = image.jpeg; path = AlbertEinsteinStamp.jpg; sourceTree = "<group>"; };
		BAE4FE181ACFE34D00083D97 /* SagradaFamilia.jpeg */ = {isa = PBXFileReference; lastKnownFileType = image.jpeg; path = SagradaFamilia.jpeg; sourceTree = "<group>"; };
/* End PBXFileReference section */

/* Begin PBXFrameworksBuildPhase section */
		BAE4FDEE1ACFD73000083D97 /* Frameworks */ = {
			isa = PBXFrameworksBuildPhase;
			buildActionMask = 2147483647;
			files = (
			);
			runOnlyForDeploymentPostprocessing = 0;
		};
		BAE4FE031ACFD73000083D97 /* Frameworks */ = {
			isa = PBXFrameworksBuildPhase;
			buildActionMask = 2147483647;
			files = (
			);
			runOnlyForDeploymentPostprocessing = 0;
		};
/* End PBXFrameworksBuildPhase section */

/* Begin PBXGroup section */
		BAE4FDE81ACFD73000083D97 = {
			isa = PBXGroup;
			children = (
				BAE4FDF31ACFD73000083D97 /* Postcard */,
				BAE4FE091ACFD73000083D97 /* PostcardTests */,
				BAE4FDF21ACFD73000083D97 /* Products */,
			);
			sourceTree = "<group>";
		};
		BAE4FDF21ACFD73000083D97 /* Products */ = {
			isa = PBXGroup;
			children = (
				BAE4FDF11ACFD73000083D97 /* Postcard.app */,
				BAE4FE061ACFD73000083D97 /* PostcardTests.xctest */,
			);
			name = Products;
			sourceTree = "<group>";
		};
		BAE4FDF31ACFD73000083D97 /* Postcard */ = {
			isa = PBXGroup;
			children = (
				BAE4FDF61ACFD73000083D97 /* AppDelegate.swift */,
				BAE4FDF81ACFD73000083D97 /* ViewController.swift */,
				BAE4FDFA1ACFD73000083D97 /* Main.storyboard */,
				BAE4FDFD1ACFD73000083D97 /* Images.xcassets */,
				BAE4FDFF1ACFD73000083D97 /* LaunchScreen.xib */,
				BAE4FDF41ACFD73000083D97 /* Supporting Files */,
			);
			path = Postcard;
			sourceTree = "<group>";
		};
		BAE4FDF41ACFD73000083D97 /* Supporting Files */ = {
			isa = PBXGroup;
			children = (
				BAE4FE181ACFE34D00083D97 /* SagradaFamilia.jpeg */,
				BAE4FE161ACFE32A00083D97 /* AlbertEinsteinStamp.jpg */,
				BAE4FDF51ACFD73000083D97 /* Info.plist */,
			);
			name = "Supporting Files";
			sourceTree = "<group>";
		};
		BAE4FE091ACFD73000083D97 /* PostcardTests */ = {
			isa = PBXGroup;
			children = (
				BAE4FE0C1ACFD73000083D97 /* PostcardTests.swift */,
				BAE4FE0A1ACFD73000083D97 /* Supporting Files */,
			);
			path = PostcardTests;
			sourceTree = "<group>";
		};
		BAE4FE0A1ACFD73000083D97 /* Supporting Files */ = {
			isa = PBXGroup;
			children = (
				BAE4FE0B1ACFD73000083D97 /* Info.plist */,
			);
			name = "Supporting Files";
			sourceTree = "<group>";
		};
/* End PBXGroup section */

/* Begin PBXNativeTarget section */
		BAE4FDF01ACFD73000083D97 /* Postcard */ = {
			isa = PBXNativeTarget;
			buildConfigurationList = BAE4FE101ACFD73000083D97 /* Build configuration list for PBXNativeTarget "Postcard" */;
			buildPhases = (
				BAE4FDED1ACFD73000083D97 /* Sources */,
				BAE4FDEE1ACFD73000083D97 /* Frameworks */,
				BAE4FDEF1ACFD73000083D97 /* Resources */,
			);
			buildRules = (
			);
			dependencies = (
			);
			name = Postcard;
			productName = Postcard;
			productReference = BAE4FDF11ACFD73000083D97 /* Postcard.app */;
			productType = "com.apple.product-type.application";
		};
		BAE4FE051ACFD73000083D97 /* PostcardTests */ = {
			isa = PBXNativeTarget;
			buildConfigurationList = BAE4FE131ACFD73000083D97 /* Build configuration list for PBXNativeTarget "PostcardTests" */;
			buildPhases = (
				BAE4FE021ACFD73000083D97 /* Sources */,
				BAE4FE031ACFD73000083D97 /* Frameworks */,
				BAE4FE041ACFD73000083D97 /* Resources */,
			);
			buildRules = (
			);
			dependencies = (
				BAE4FE081ACFD73000083D97 /* PBXTargetDependency */,
			);
			name = PostcardTests;
			productName = PostcardTests;
			productReference = BAE4FE061ACFD73000083D97 /* PostcardTests.xctest */;
			productType = "com.apple.product-type.bundle.unit-test";
		};
/* End PBXNativeTarget section */

/* Begin PBXProject section */
		BAE4FDE91ACFD73000083D97 /* Project object */ = {
			isa = PBXProject;
			attributes = {
				LastUpgradeCheck = 0620;
				ORGANIZATIONNAME = "Henry Pham";
				TargetAttributes = {
					BAE4FDF01ACFD73000083D97 = {
						CreatedOnToolsVersion = 6.2;
					};
					BAE4FE051ACFD73000083D97 = {
						CreatedOnToolsVersion = 6.2;
						TestTargetID = BAE4FDF01ACFD73000083D97;
					};
				};
			};
			buildConfigurationList = BAE4FDEC1ACFD73000083D97 /* Build configuration list for PBXProject "Postcard" */;
			compatibilityVersion = "Xcode 3.2";
			developmentRegion = English;
			hasScannedForEncodings = 0;
			knownRegions = (
				en,
				Base,
			);
			mainGroup = BAE4FDE81ACFD73000083D97;
			productRefGroup = BAE4FDF21ACFD73000083D97 /* Products */;
			projectDirPath = "";
			projectRoot = "";
			targets = (
				BAE4FDF01ACFD73000083D97 /* Postcard */,
				BAE4FE051ACFD73000083D97 /* PostcardTests */,
			);
		};
/* End PBXProject section */

/* Begin PBXResourcesBuildPhase section */
		BAE4FDEF1ACFD73000083D97 /* Resources */ = {
			isa = PBXResourcesBuildPhase;
			buildActionMask = 2147483647;
			files = (
				BAE4FE171ACFE32A00083D97 /* AlbertEinsteinStamp.jpg in Resources */,
				BAE4FDFC1ACFD73000083D97 /* Main.storyboard in Resources */,
				BAE4FE011ACFD73000083D97 /* LaunchScreen.xib in Resources */,
				BAE4FDFE1ACFD73000083D97 /* Images.xcassets in Resources */,
				BAE4FE191ACFE34D00083D97 /* SagradaFamilia.jpeg in Resources */,
			);
			runOnlyForDeploymentPostprocessing = 0;
		};
		BAE4FE041ACFD73000083D97 /* Resources */ = {
			isa = PBXResourcesBuildPhase;
			buildActionMask = 2147483647;
			files = (
			);
			runOnlyForDeploymentPostprocessing = 0;
		};
/* End PBXResourcesBuildPhase section */

/* Begin PBXSourcesBuildPhase section */
		BAE4FDED1ACFD73000083D97 /* Sources */ = {
			isa = PBXSourcesBuildPhase;
			buildActionMask = 2147483647;
			files = (
				BAE4FDF91ACFD73000083D97 /* ViewController.swift in Sources */,
				BAE4FDF71ACFD73000083D97 /* AppDelegate.swift in Sources */,
			);
			runOnlyForDeploymentPostprocessing = 0;
		};
		BAE4FE021ACFD73000083D97 /* Sources */ = {
			isa = PBXSourcesBuildPhase;
			buildActionMask = 2147483647;
			files = (
				BAE4FE0D1ACFD73000083D97 /* PostcardTests.swift in Sources */,
			);
			runOnlyForDeploymentPostprocessing = 0;
		};
/* End PBXSourcesBuildPhase section */

/* Begin PBXTargetDependency section */
		BAE4FE081ACFD73000083D97 /* PBXTargetDependency */ = {
			isa = PBXTargetDependency;
			target = BAE4FDF01ACFD73000083D97 /* Postcard */;
			targetProxy = BAE4FE071ACFD73000083D97 /* PBXContainerItemProxy */;
		};
/* End PBXTargetDependency section */

/* Begin PBXVariantGroup section */
		BAE4FDFA1ACFD73000083D97 /* Main.storyboard */ = {
			isa = PBXVariantGroup;
			children = (
				BAE4FDFB1ACFD73000083D97 /* Base */,
			);
			name = Main.storyboard;
			sourceTree = "<group>";
		};
		BAE4FDFF1ACFD73000083D97 /* LaunchScreen.xib */ = {
			isa = PBXVariantGroup;
			children = (
				BAE4FE001ACFD73000083D97 /* Base */,
			);
			name = LaunchScreen.xib;
			sourceTree = "<group>";
		};
/* End PBXVariantGroup section */

/* Begin XCBuildConfiguration section */
		BAE4FE0E1ACFD73000083D97 /* Debug */ = {
			isa = XCBuildConfiguration;
			buildSettings = {
				ALWAYS_SEARCH_USER_PATHS = NO;
				CLANG_CXX_LANGUAGE_STANDARD = "gnu++0x";
				CLANG_CXX_LIBRARY = "libc++";
				CLANG_ENABLE_MODULES = YES;
				CLANG_ENABLE_OBJC_ARC = YES;
				CLANG_WARN_BOOL_CONVERSION = YES;
				CLANG_WARN_CONSTANT_CONVERSION = YES;
				CLANG_WARN_DIRECT_OBJC_ISA_USAGE = YES_ERROR;
				CLANG_WARN_EMPTY_BODY = YES;
				CLANG_WARN_ENUM_CONVERSION = YES;
				CLANG_WARN_INT_CONVERSION = YES;
				CLANG_WARN_OBJC_ROOT_CLASS = YES_ERROR;
				CLANG_WARN_UNREACHABLE_CODE = YES;
				CLANG_WARN__DUPLICATE_METHOD_MATCH = YES;
				"CODE_SIGN_IDENTITY[sdk=iphoneos*]" = "iPhone Developer";
				COPY_PHASE_STRIP = NO;
				ENABLE_STRICT_OBJC_MSGSEND = YES;
				GCC_C_LANGUAGE_STANDARD = gnu99;
				GCC_DYNAMIC_NO_PIC = NO;
				GCC_OPTIMIZATION_LEVEL = 0;
				GCC_PREPROCESSOR_DEFINITIONS = (
					"DEBUG=1",
					"$(inherited)",
				);
				GCC_SYMBOLS_PRIVATE_EXTERN = NO;
				GCC_WARN_64_TO_32_BIT_CONVERSION = YES;
				GCC_WARN_ABOUT_RETURN_TYPE = YES_ERROR;
				GCC_WARN_UNDECLARED_SELECTOR = YES;
				GCC_WARN_UNINITIALIZED_AUTOS = YES_AGGRESSIVE;
				GCC_WARN_UNUSED_FUNCTION = YES;
				GCC_WARN_UNUSED_VARIABLE = YES;
				IPHONEOS_DEPLOYMENT_TARGET = 8.2;
				MTL_ENABLE_DEBUG_INFO = YES;
				ONLY_ACTIVE_ARCH = YES;
				SDKROOT = iphoneos;
				SWIFT_OPTIMIZATION_LEVEL = "-Onone";
				TARGETED_DEVICE_FAMILY = "1,2";
			};
			name = Debug;
		};
		BAE4FE0F1ACFD73000083D97 /* Release */ = {
			isa = XCBuildConfiguration;
			buildSettings = {
				ALWAYS_SEARCH_USER_PATHS = NO;
				CLANG_CXX_LANGUAGE_STANDARD = "gnu++0x";
				CLANG_CXX_LIBRARY = "libc++";
				CLANG_ENABLE_MODULES = YES;
				CLANG_ENABLE_OBJC_ARC = YES;
				CLANG_WARN_BOOL_CONVERSION = YES;
				CLANG_WARN_CONSTANT_CONVERSION = YES;
				CLANG_WARN_DIRECT_OBJC_ISA_USAGE = YES_ERROR;
				CLANG_WARN_EMPTY_BODY = YES;
				CLANG_WARN_ENUM_CONVERSION = YES;
				CLANG_WARN_INT_CONVERSION = YES;
				CLANG_WARN_OBJC_ROOT_CLASS = YES_ERROR;
				CLANG_WARN_UNREACHABLE_CODE = YES;
				CLANG_WARN__DUPLICATE_METHOD_MATCH = YES;
				"CODE_SIGN_IDENTITY[sdk=iphoneos*]" = "iPhone Developer";
				COPY_PHASE_STRIP = NO;
				ENABLE_NS_ASSERTIONS = NO;
				ENABLE_STRICT_OBJC_MSGSEND = YES;
				GCC_C_LANGUAGE_STANDARD = gnu99;
				GCC_WARN_64_TO_32_BIT_CONVERSION = YES;
				GCC_WARN_ABOUT_RETURN_TYPE = YES_ERROR;
				GCC_WARN_UNDECLARED_SELECTOR = YES;
				GCC_WARN_UNINITIALIZED_AUTOS = YES_AGGRESSIVE;
				GCC_WARN_UNUSED_FUNCTION = YES;
				GCC_WARN_UNUSED_VARIABLE = YES;
				IPHONEOS_DEPLOYMENT_TARGET = 8.2;
				MTL_ENABLE_DEBUG_INFO = NO;
				SDKROOT = iphoneos;
				TARGETED_DEVICE_FAMILY = "1,2";
				VALIDATE_PRODUCT = YES;
			};
			name = Release;
		};
		BAE4FE111ACFD73000083D97 /* Debug */ = {
			isa = XCBuildConfiguration;
			buildSettings = {
				ASSETCATALOG_COMPILER_APPICON_NAME = AppIcon;
				INFOPLIST_FILE = Postcard/Info.plist;
				LD_RUNPATH_SEARCH_PATHS = "$(inherited) @executable_path/Frameworks";
				PRODUCT_NAME = "$(TARGET_NAME)";
			};
			name = Debug;
		};
		BAE4FE121ACFD73000083D97 /* Release */ = {
			isa = XCBuildConfiguration;
			buildSettings = {
				ASSETCATALOG_COMPILER_APPICON_NAME = AppIcon;
				INFOPLIST_FILE = Postcard/Info.plist;
				LD_RUNPATH_SEARCH_PATHS = "$(inherited) @executable_path/Frameworks";
				PRODUCT_NAME = "$(TARGET_NAME)";
			};
			name = Release;
		};
		BAE4FE141ACFD73000083D97 /* Debug */ = {
			isa = XCBuildConfiguration;
			buildSettings = {
				BUNDLE_LOADER = "$(TEST_HOST)";
				FRAMEWORK_SEARCH_PATHS = (
					"$(SDKROOT)/Developer/Library/Frameworks",
					"$(inherited)",
				);
				GCC_PREPROCESSOR_DEFINITIONS = (
					"DEBUG=1",
					"$(inherited)",
				);
				INFOPLIST_FILE = PostcardTests/Info.plist;
				LD_RUNPATH_SEARCH_PATHS = "$(inherited) @executable_path/Frameworks @loader_path/Frameworks";
				PRODUCT_NAME = "$(TARGET_NAME)";
				TEST_HOST = "$(BUILT_PRODUCTS_DIR)/Postcard.app/Postcard";
			};
			name = Debug;
		};
		BAE4FE151ACFD73000083D97 /* Release */ = {
			isa = XCBuildConfiguration;
			buildSettings = {
				BUNDLE_LOADER = "$(TEST_HOST)";
				FRAMEWORK_SEARCH_PATHS = (
					"$(SDKROOT)/Developer/Library/Frameworks",
					"$(inherited)",
				);
				INFOPLIST_FILE = PostcardTests/Info.plist;
				LD_RUNPATH_SEARCH_PATHS = "$(inherited) @executable_path/Frameworks @loader_path/Frameworks";
				PRODUCT_NAME = "$(TARGET_NAME)";
				TEST_HOST = "$(BUILT_PRODUCTS_DIR)/Postcard.app/Postcard";
			};
			name = Release;
		};
/* End XCBuildConfiguration section */

/* Begin XCConfigurationList section */
		BAE4FDEC1ACFD73000083D97 /* Build configuration list for PBXProject "Postcard" */ = {
			isa = XCConfigurationList;
			buildConfigurations = (
				BAE4FE0E1ACFD73000083D97 /* Debug */,
				BAE4FE0F1ACFD73000083D97 /* Release */,
			);
			defaultConfigurationIsVisible = 0;
			defaultConfigurationName = Release;
		};
		BAE4FE101ACFD73000083D97 /* Build configuration list for PBXNativeTarget "Postcard" */ = {
			isa = XCConfigurationList;
			buildConfigurations = (
				BAE4FE111ACFD73000083D97 /* Debug */,
				BAE4FE121ACFD73000083D97 /* Release */,
			);
			defaultConfigurationIsVisible = 0;
		};
		BAE4FE131ACFD73000083D97 /* Build configuration list for PBXNativeTarget "PostcardTests" */ = {
			isa = XCConfigurationList;
			buildConfigurations = (
				BAE4FE141ACFD73000083D97 /* Debug */,
				BAE4FE151ACFD73000083D97 /* Release */,
			);
			defaultConfigurationIsVisible = 0;
		};
/* End XCConfigurationList section */
	};
	rootObject = BAE4FDE91ACFD73000083D97 /* Project object */;
}
